
Microsoft Visual Studio Solution File, Format Version 12.00
# Visual Studio Version 17
VisualStudioVersion = 17.0.31903.59
MinimumVisualStudioVersion = 10.0.40219.1
Project("{2150E333-8FDC-42A3-9474-1A3956D46DE8}") = "Services", "Services", "{F6D9F973-F588-4673-A362-CB72C24382B1}"
EndProject
Project("{2150E333-8FDC-42A3-9474-1A3956D46DE8}") = "TaskService", "TaskService", "{791E7618-59E6-4A20-89DE-EF4B9BBD1D6B}"
EndProject
Project("{FAE04EC0-301F-11D3-BF4B-00C04F79EFBC}") = "TaskService.API", "Services\TaskService\TaskService.API\TaskService.API.csproj", "{85720502-7817-4C16-9701-9DBC50BC4C04}"
EndProject
Project("{FAE04EC0-301F-11D3-BF4B-00C04F79EFBC}") = "TaskService.Application", "Services\TaskService\TaskService.Application\TaskService.Application.csproj", "{1C101D57-8001-42E3-B552-A0D12BB76880}"
EndProject
Project("{FAE04EC0-301F-11D3-BF4B-00C04F79EFBC}") = "TaskService.Domain", "Services\TaskService\TaskService.Domain\TaskService.Domain.csproj", "{4E88FB99-7E2A-4B78-A61A-64EBCFE4DF8B}"
EndProject
Project("{FAE04EC0-301F-11D3-BF4B-00C04F79EFBC}") = "TaskService.Infrastructure", "Services\TaskService\TaskService.Infrastructure\TaskService.Infrastructure.csproj", "{2CFAAFC0-070A-42C4-AEEC-42464B866C46}"
EndProject
Project("{2150E333-8FDC-42A3-9474-1A3956D46DE8}") = "UserService", "UserService", "{1688333C-9FF8-4B73-8398-193615043900}"
EndProject
Project("{FAE04EC0-301F-11D3-BF4B-00C04F79EFBC}") = "UserService.API", "Services\UserService\UserService.API\UserService.API.csproj", "{7D9B880C-3F41-4A43-B095-46DFB7144A10}"
EndProject
Project("{FAE04EC0-301F-11D3-BF4B-00C04F79EFBC}") = "UserService.Application", "Services\UserService\UserService.Application\UserService.Application.csproj", "{AC40CD5F-D06C-46B8-8408-4F072F15B73B}"
EndProject
Project("{FAE04EC0-301F-11D3-BF4B-00C04F79EFBC}") = "UserService.Domain", "Services\UserService\UserService.Domain\UserService.Domain.csproj", "{5147EC3C-63EA-4EEA-B4C2-38A640E673EF}"
EndProject
Project("{FAE04EC0-301F-11D3-BF4B-00C04F79EFBC}") = "UserService.Infrastructure", "Services\UserService\UserService.Infrastructure\UserService.Infrastructure.csproj", "{EEE8CEBC-8DBC-455C-B014-C07117EB389C}"
EndProject
Project("{FAE04EC0-301F-11D3-BF4B-00C04F79EFBC}") = "Shared.Domain", "Shared\Shared.Domain\Shared.Domain.csproj", "{9363FD1D-A7AD-48B3-999F-8DCBBBBCFF43}"
EndProject
Project("{FAE04EC0-301F-11D3-BF4B-00C04F79EFBC}") = "Shared.API", "Shared\Shared.API\Shared.API.csproj", "{01E426E9-EE94-4754-8309-C3077021AC4A}"
EndProject
Project("{FAE04EC0-301F-11D3-BF4B-00C04F79EFBC}") = "Shared.Infrastructure", "Shared\Shared.Infrastructure\Shared.Infrastructure.csproj", "{B502F2BB-41E0-4E3E-9476-12E0CAA4731D}"
EndProject
Project("{FAE04EC0-301F-11D3-BF4B-00C04F79EFBC}") = "TaskManager.Proxy", "Proxy\TaskManager.Proxy\TaskManager.Proxy.csproj", "{9F5E231F-C18C-4314-A2F3-DB92537F6532}"
EndProject
Project("{2150E333-8FDC-42A3-9474-1A3956D46DE8}") = "Shared", "Shared", "{3A5225E2-AB35-4CDD-806E-E8A32C4F0F20}"
EndProject
Project("{2150E333-8FDC-42A3-9474-1A3956D46DE8}") = "Proxy", "Proxy", "{691AE359-2F4E-4D2A-83E7-F6964E9CFFDB}"
EndProject
Global
	GlobalSection(SolutionConfigurationPlatforms) = preSolution
		Debug|Any CPU = Debug|Any CPU
		Release|Any CPU = Release|Any CPU
	EndGlobalSection
	GlobalSection(SolutionProperties) = preSolution
		HideSolutionNode = FALSE
	EndGlobalSection
	GlobalSection(ProjectConfigurationPlatforms) = postSolution
		{85720502-7817-4C16-9701-9DBC50BC4C04}.Debug|Any CPU.ActiveCfg = Debug|Any CPU
		{85720502-7817-4C16-9701-9DBC50BC4C04}.Debug|Any CPU.Build.0 = Debug|Any CPU
		{85720502-7817-4C16-9701-9DBC50BC4C04}.Release|Any CPU.ActiveCfg = Release|Any CPU
		{85720502-7817-4C16-9701-9DBC50BC4C04}.Release|Any CPU.Build.0 = Release|Any CPU
		{1C101D57-8001-42E3-B552-A0D12BB76880}.Debug|Any CPU.ActiveCfg = Debug|Any CPU
		{1C101D57-8001-42E3-B552-A0D12BB76880}.Debug|Any CPU.Build.0 = Debug|Any CPU
		{1C101D57-8001-42E3-B552-A0D12BB76880}.Release|Any CPU.ActiveCfg = Release|Any CPU
		{1C101D57-8001-42E3-B552-A0D12BB76880}.Release|Any CPU.Build.0 = Release|Any CPU
		{4E88FB99-7E2A-4B78-A61A-64EBCFE4DF8B}.Debug|Any CPU.ActiveCfg = Debug|Any CPU
		{4E88FB99-7E2A-4B78-A61A-64EBCFE4DF8B}.Debug|Any CPU.Build.0 = Debug|Any CPU
		{4E88FB99-7E2A-4B78-A61A-64EBCFE4DF8B}.Release|Any CPU.ActiveCfg = Release|Any CPU
		{4E88FB99-7E2A-4B78-A61A-64EBCFE4DF8B}.Release|Any CPU.Build.0 = Release|Any CPU
		{2CFAAFC0-070A-42C4-AEEC-42464B866C46}.Debug|Any CPU.ActiveCfg = Debug|Any CPU
		{2CFAAFC0-070A-42C4-AEEC-42464B866C46}.Debug|Any CPU.Build.0 = Debug|Any CPU
		{2CFAAFC0-070A-42C4-AEEC-42464B866C46}.Release|Any CPU.ActiveCfg = Release|Any CPU
		{2CFAAFC0-070A-42C4-AEEC-42464B866C46}.Release|Any CPU.Build.0 = Release|Any CPU
		{7D9B880C-3F41-4A43-B095-46DFB7144A10}.Debug|Any CPU.ActiveCfg = Debug|Any CPU
		{7D9B880C-3F41-4A43-B095-46DFB7144A10}.Debug|Any CPU.Build.0 = Debug|Any CPU
		{7D9B880C-3F41-4A43-B095-46DFB7144A10}.Release|Any CPU.ActiveCfg = Release|Any CPU
		{7D9B880C-3F41-4A43-B095-46DFB7144A10}.Release|Any CPU.Build.0 = Release|Any CPU
		{AC40CD5F-D06C-46B8-8408-4F072F15B73B}.Debug|Any CPU.ActiveCfg = Debug|Any CPU
		{AC40CD5F-D06C-46B8-8408-4F072F15B73B}.Debug|Any CPU.Build.0 = Debug|Any CPU
		{AC40CD5F-D06C-46B8-8408-4F072F15B73B}.Release|Any CPU.ActiveCfg = Release|Any CPU
		{AC40CD5F-D06C-46B8-8408-4F072F15B73B}.Release|Any CPU.Build.0 = Release|Any CPU
		{5147EC3C-63EA-4EEA-B4C2-38A640E673EF}.Debug|Any CPU.ActiveCfg = Debug|Any CPU
		{5147EC3C-63EA-4EEA-B4C2-38A640E673EF}.Debug|Any CPU.Build.0 = Debug|Any CPU
		{5147EC3C-63EA-4EEA-B4C2-38A640E673EF}.Release|Any CPU.ActiveCfg = Release|Any CPU
		{5147EC3C-63EA-4EEA-B4C2-38A640E673EF}.Release|Any CPU.Build.0 = Release|Any CPU
		{EEE8CEBC-8DBC-455C-B014-C07117EB389C}.Debug|Any CPU.ActiveCfg = Debug|Any CPU
		{EEE8CEBC-8DBC-455C-B014-C07117EB389C}.Debug|Any CPU.Build.0 = Debug|Any CPU
		{EEE8CEBC-8DBC-455C-B014-C07117EB389C}.Release|Any CPU.ActiveCfg = Release|Any CPU
		{EEE8CEBC-8DBC-455C-B014-C07117EB389C}.Release|Any CPU.Build.0 = Release|Any CPU
		{9363FD1D-A7AD-48B3-999F-8DCBBBBCFF43}.Debug|Any CPU.ActiveCfg = Debug|Any CPU
		{9363FD1D-A7AD-48B3-999F-8DCBBBBCFF43}.Debug|Any CPU.Build.0 = Debug|Any CPU
		{9363FD1D-A7AD-48B3-999F-8DCBBBBCFF43}.Release|Any CPU.ActiveCfg = Release|Any CPU
		{9363FD1D-A7AD-48B3-999F-8DCBBBBCFF43}.Release|Any CPU.Build.0 = Release|Any CPU
		{01E426E9-EE94-4754-8309-C3077021AC4A}.Debug|Any CPU.ActiveCfg = Debug|Any CPU
		{01E426E9-EE94-4754-8309-C3077021AC4A}.Debug|Any CPU.Build.0 = Debug|Any CPU
		{01E426E9-EE94-4754-8309-C3077021AC4A}.Release|Any CPU.ActiveCfg = Release|Any CPU
		{01E426E9-EE94-4754-8309-C3077021AC4A}.Release|Any CPU.Build.0 = Release|Any CPU
		{B502F2BB-41E0-4E3E-9476-12E0CAA4731D}.Debug|Any CPU.ActiveCfg = Debug|Any CPU
		{B502F2BB-41E0-4E3E-9476-12E0CAA4731D}.Debug|Any CPU.Build.0 = Debug|Any CPU
		{B502F2BB-41E0-4E3E-9476-12E0CAA4731D}.Release|Any CPU.ActiveCfg = Release|Any CPU
		{B502F2BB-41E0-4E3E-9476-12E0CAA4731D}.Release|Any CPU.Build.0 = Release|Any CPU
		{9F5E231F-C18C-4314-A2F3-DB92537F6532}.Debug|Any CPU.ActiveCfg = Debug|Any CPU
		{9F5E231F-C18C-4314-A2F3-DB92537F6532}.Debug|Any CPU.Build.0 = Debug|Any CPU
		{9F5E231F-C18C-4314-A2F3-DB92537F6532}.Release|Any CPU.ActiveCfg = Release|Any CPU
		{9F5E231F-C18C-4314-A2F3-DB92537F6532}.Release|Any CPU.Build.0 = Release|Any CPU
	EndGlobalSection
	GlobalSection(NestedProjects) = preSolution
		{791E7618-59E6-4A20-89DE-EF4B9BBD1D6B} = {F6D9F973-F588-4673-A362-CB72C24382B1}
		{85720502-7817-4C16-9701-9DBC50BC4C04} = {791E7618-59E6-4A20-89DE-EF4B9BBD1D6B}
		{1C101D57-8001-42E3-B552-A0D12BB76880} = {791E7618-59E6-4A20-89DE-EF4B9BBD1D6B}
		{4E88FB99-7E2A-4B78-A61A-64EBCFE4DF8B} = {791E7618-59E6-4A20-89DE-EF4B9BBD1D6B}
		{2CFAAFC0-070A-42C4-AEEC-42464B866C46} = {791E7618-59E6-4A20-89DE-EF4B9BBD1D6B}
		{1688333C-9FF8-4B73-8398-193615043900} = {F6D9F973-F588-4673-A362-CB72C24382B1}
		{7D9B880C-3F41-4A43-B095-46DFB7144A10} = {1688333C-9FF8-4B73-8398-193615043900}
		{AC40CD5F-D06C-46B8-8408-4F072F15B73B} = {1688333C-9FF8-4B73-8398-193615043900}
		{5147EC3C-63EA-4EEA-B4C2-38A640E673EF} = {1688333C-9FF8-4B73-8398-193615043900}
		{EEE8CEBC-8DBC-455C-B014-C07117EB389C} = {1688333C-9FF8-4B73-8398-193615043900}
		{01E426E9-EE94-4754-8309-C3077021AC4A} = {3A5225E2-AB35-4CDD-806E-E8A32C4F0F20}
		{9363FD1D-A7AD-48B3-999F-8DCBBBBCFF43} = {3A5225E2-AB35-4CDD-806E-E8A32C4F0F20}
		{B502F2BB-41E0-4E3E-9476-12E0CAA4731D} = {3A5225E2-AB35-4CDD-806E-E8A32C4F0F20}
		{9F5E231F-C18C-4314-A2F3-DB92537F6532} = {691AE359-2F4E-4D2A-83E7-F6964E9CFFDB}
	EndGlobalSection
EndGlobal
